<?xml version="1.0" encoding="UTF-8"?>
<Scheme
   LastUpgradeVersion = "1510"
   version = "1.7">
   <BuildAction
      parallelizeBuildables = "YES"
      buildImplicitDependencies = "YES">
      <PreActions>
         <ExecutionAction
            ActionType = "Xcode.IDEStandardExecutionActionsCore.ExecutionActionType.ShellScriptAction">
            <ActionContent
               title = "Copy .env file"
               scriptText = "cp &quot;${PROJECT_DIR}/../.env.debug&quot; &quot;${PROJECT_DIR}/../.env&quot;&#10;">
               <EnvironmentBuildable>
                  <BuildableReference
                     BuildableIdentifier = "primary"
                     BlueprintIdentifier = "1FCDA28C2B9B8E6200E0BF0C"
                     BuildableName = "RNWallet Debug.app"
                     BlueprintName = "RNWallet Debug"
                     ReferencedContainer = "container:RNWeb3Wallet.xcodeproj">
                  </BuildableReference>
               </EnvironmentBuildable>
            </ActionContent>
         </ExecutionAction>
         <ExecutionAction
            ActionType = "Xcode.IDEStandardExecutionActionsCore.ExecutionActionType.ShellScriptAction">
            <ActionContent
               title = "Copy GoogleService file"
               scriptText = "#!/bin/bash&#10;&#10;# Define the source and destination file paths&#10;source_file=&quot;${PROJECT_DIR}/GoogleService/GoogleService-Debug-Info.plist&quot;&#10;destination_file=&quot;${PROJECT_DIR}/GoogleService-Info.plist&quot;&#10;&#10;# Check if the source file exists&#10;if [ -f &quot;$source_file&quot; ]; then&#10;    # If the source file exists, copy it to the destination&#10;    cp &quot;$source_file&quot; &quot;$destination_file&quot;&#10;    echo &quot;File copied successfully.&quot;&#10;fi&#10;">
               <EnvironmentBuildable>
                  <BuildableReference
                     BuildableIdentifier = "primary"
                     BlueprintIdentifier = "1FCDA28C2B9B8E6200E0BF0C"
                     BuildableName = "RNWallet Debug.app"
                     BlueprintName = "RNWallet Debug"
                     ReferencedContainer = "container:RNWeb3Wallet.xcodeproj">
                  </BuildableReference>
               </EnvironmentBuildable>
            </ActionContent>
         </ExecutionAction>
         <ExecutionAction
            ActionType = "Xcode.IDEStandardExecutionActionsCore.ExecutionActionType.ShellScriptAction">
            <ActionContent
               title = "Copy misc file"
               scriptText = "cp &quot;${PROJECT_DIR}/../scripts/misc_debug.ts&quot; &quot;${PROJECT_DIR}/../src/utils/misc.ts&quot;&#10;">
               <EnvironmentBuildable>
                  <BuildableReference
                     BuildableIdentifier = "primary"
                     BlueprintIdentifier = "1FCDA28C2B9B8E6200E0BF0C"
                     BuildableName = "RNWallet Debug.app"
                     BlueprintName = "RNWallet Debug"
                     ReferencedContainer = "container:RNWeb3Wallet.xcodeproj">
                  </BuildableReference>
               </EnvironmentBuildable>
            </ActionContent>
         </ExecutionAction>
      </PreActions>
      <BuildActionEntries>
         <BuildActionEntry
            buildForTesting = "YES"
            buildForRunning = "YES"
            buildForProfiling = "YES"
            buildForArchiving = "YES"
            buildForAnalyzing = "YES">
            <BuildableReference
               BuildableIdentifier = "primary"
               BlueprintIdentifier = "1FCDA28C2B9B8E6200E0BF0C"
               BuildableName = "RNWallet Debug.app"
               BlueprintName = "RNWallet Debug"
               ReferencedContainer = "container:RNWeb3Wallet.xcodeproj">
            </BuildableReference>
         </BuildActionEntry>
      </BuildActionEntries>
   </BuildAction>
   <TestAction
      buildConfiguration = "Debug"
      selectedDebuggerIdentifier = "Xcode.DebuggerFoundation.Debugger.LLDB"
      selectedLauncherIdentifier = "Xcode.DebuggerFoundation.Launcher.LLDB"
      shouldUseLaunchSchemeArgsEnv = "YES"
      shouldAutocreateTestPlan = "YES">
   </TestAction>
   <LaunchAction
      buildConfiguration = "Debug"
      selectedDebuggerIdentifier = "Xcode.DebuggerFoundation.Debugger.LLDB"
      selectedLauncherIdentifier = "Xcode.DebuggerFoundation.Launcher.LLDB"
      launchStyle = "0"
      useCustomWorkingDirectory = "NO"
      ignoresPersistentStateOnLaunch = "NO"
      debugDocumentVersioning = "YES"
      debugServiceExtension = "internal"
      allowLocationSimulation = "YES">
      <BuildableProductRunnable
         runnableDebuggingMode = "0">
         <BuildableReference
            BuildableIdentifier = "primary"
            BlueprintIdentifier = "1FCDA28C2B9B8E6200E0BF0C"
            BuildableName = "RNWallet Debug.app"
            BlueprintName = "RNWallet Debug"
            ReferencedContainer = "container:RNWeb3Wallet.xcodeproj">
         </BuildableReference>
      </BuildableProductRunnable>
   </LaunchAction>
   <ProfileAction
      buildConfiguration = "Release"
      shouldUseLaunchSchemeArgsEnv = "YES"
      savedToolIdentifier = ""
      useCustomWorkingDirectory = "NO"
      debugDocumentVersioning = "YES">
      <BuildableProductRunnable
         runnableDebuggingMode = "0">
         <BuildableReference
            BuildableIdentifier = "primary"
            BlueprintIdentifier = "1FCDA28C2B9B8E6200E0BF0C"
            BuildableName = "RNWallet Debug.app"
            BlueprintName = "RNWallet Debug"
            ReferencedContainer = "container:RNWeb3Wallet.xcodeproj">
         </BuildableReference>
      </BuildableProductRunnable>
   </ProfileAction>
   <AnalyzeAction
      buildConfiguration = "Debug">
   </AnalyzeAction>
   <ArchiveAction
      buildConfiguration = "Release"
      revealArchiveInOrganizer = "YES">
   </ArchiveAction>
</Scheme>
